
Microsoft Visual Studio Solution File, Format Version 12.00
# Visual Studio Version 16
VisualStudioVersion = 17.0.31611.283
MinimumVisualStudioVersion = 10.0.40219.1
Project("{9A19103F-16F7-4668-BE54-9A1E7A4F7556}") = "Hybrid.NativeClients", "Hybrid.NativeClients\Hybrid.NativeClients.csproj", "{15202CE4-55BC-411B-AA4E-C172D5DF1B79}"
EndProject
Project("{FAE04EC0-301F-11D3-BF4B-00C04F79EFBC}") = "Hybrid.Web", "Hybrid.Web\Hybrid.Web.csproj", "{BF1484EE-06FC-4FC6-8F69-D358B72C43EC}"
EndProject
Project("{FAE04EC0-301F-11D3-BF4B-00C04F79EFBC}") = "Hybrid.Shared", "Hybrid.Shared\Hybrid.Shared.csproj", "{F84F4369-E807-41E8-AAD0-CB0F6FF41EE6}"
EndProject
Global
	GlobalSection(SolutionConfigurationPlatforms) = preSolution
		Debug|Any CPU = Debug|Any CPU
		Release|Any CPU = Release|Any CPU
	EndGlobalSection
	GlobalSection(ProjectConfigurationPlatforms) = postSolution
		{15202CE4-55BC-411B-AA4E-C172D5DF1B79}.Debug|Any CPU.ActiveCfg = Debug|Any CPU
		{15202CE4-55BC-411B-AA4E-C172D5DF1B79}.Debug|Any CPU.Build.0 = Debug|Any CPU
		{15202CE4-55BC-411B-AA4E-C172D5DF1B79}.Debug|Any CPU.Deploy.0 = Debug|Any CPU
		{15202CE4-55BC-411B-AA4E-C172D5DF1B79}.Release|Any CPU.ActiveCfg = Release|Any CPU
		{15202CE4-55BC-411B-AA4E-C172D5DF1B79}.Release|Any CPU.Build.0 = Release|Any CPU
		{15202CE4-55BC-411B-AA4E-C172D5DF1B79}.Release|Any CPU.Deploy.0 = Release|Any CPU
		{BF1484EE-06FC-4FC6-8F69-D358B72C43EC}.Debug|Any CPU.ActiveCfg = Debug|Any CPU
		{BF1484EE-06FC-4FC6-8F69-D358B72C43EC}.Debug|Any CPU.Build.0 = Debug|Any CPU
		{BF1484EE-06FC-4FC6-8F69-D358B72C43EC}.Release|Any CPU.ActiveCfg = Release|Any CPU
		{BF1484EE-06FC-4FC6-8F69-D358B72C43EC}.Release|Any CPU.Build.0 = Release|Any CPU
		{F84F4369-E807-41E8-AAD0-CB0F6FF41EE6}.Debug|Any CPU.ActiveCfg = Debug|Any CPU
		{F84F4369-E807-41E8-AAD0-CB0F6FF41EE6}.Debug|Any CPU.Build.0 = Debug|Any CPU
		{F84F4369-E807-41E8-AAD0-CB0F6FF41EE6}.Release|Any CPU.ActiveCfg = Release|Any CPU
		{F84F4369-E807-41E8-AAD0-CB0F6FF41EE6}.Release|Any CPU.Build.0 = Release|Any CPU
	EndGlobalSection
	GlobalSection(SolutionProperties) = preSolution
		HideSolutionNode = FALSE
	EndGlobalSection
	GlobalSection(ExtensibilityGlobals) = postSolution
		SolutionGuid = {61F7FB11-1E47-470C-91E2-47F8143E1572}
	EndGlobalSection
EndGlobal
